{
  "lockfile_version": 1,
  "os": "Ubuntu 24.04.3 LTS",
  "r_version": "R version 4.5.1 (2025-06-13)",
  "platform": "x86_64-pc-linux-gnu",
  "packages": [
    {
      "ref": "local::.",
      "package": "Rglottography",
      "version": "0.1.0",
      "type": "local",
      "direct": true,
      "binary": false,
      "dependencies": ["cli", "httr2", "jsonlite", "sf", "tibble"],
      "vignettes": false,
      "metadata": {
        "RemotePkgRef": "local::.",
        "RemoteType": "local"
      },
      "sources": ["file:///home/peter/Desktop/setup_Rglottography/Rglottography"],
      "target": "src/contrib/Rglottography_0.1.0.tar.gz",
      "platform": "source",
      "rversion": "*",
      "directpkg": true,
      "license": "MIT + file LICENSE",
      "dep_types": ["Depends", "Imports", "LinkingTo"],
      "params": [],
      "install_args": "",
      "sysreqs": "",
      "sysreqs_packages": {}
    },
    {
      "ref": "askpass",
      "package": "askpass",
      "version": "1.2.1",
      "type": "standard",
      "direct": false,
      "binary": false,
      "dependencies": ["sys"],
      "vignettes": false,
      "needscompilation": true,
      "metadata": {
        "RemoteType": "standard",
        "RemotePkgRef": "askpass",
        "RemoteRef": "askpass",
        "RemoteRepos": "https://cloud.r-project.org",
        "RemotePkgPlatform": "source",
        "RemoteSha": "1.2.1"
      },
      "sources": ["https://cloud.r-project.org/src/contrib/askpass_1.2.1.tar.gz", "https://cloud.r-project.org/src/contrib/Archive/askpass/askpass_1.2.1.tar.gz"],
      "target": "src/contrib/askpass_1.2.1.tar.gz",
      "platform": "source",
      "rversion": "*",
      "directpkg": false,
      "license": "MIT + file LICENSE",
      "sha256": "6c2106a74c44a748f2cea795d9686e27a0058a90debcfd8558b62b06aec0c7dd",
      "filesize": 6058,
      "dep_types": ["Depends", "Imports", "LinkingTo"],
      "params": [],
      "install_args": "",
      "repotype": "cran",
      "sysreqs": "",
      "sysreqs_packages": {}
    },
    {
      "ref": "classInt",
      "package": "classInt",
      "version": "0.4-11",
      "type": "standard",
      "direct": false,
      "binary": false,
      "dependencies": ["class", "e1071", "KernSmooth"],
      "vignettes": false,
      "needscompilation": true,
      "metadata": {
        "RemoteType": "standard",
        "RemotePkgRef": "classInt",
        "RemoteRef": "classInt",
        "RemoteRepos": "https://cloud.r-project.org",
        "RemotePkgPlatform": "source",
        "RemoteSha": "0.4-11"
      },
      "sources": ["https://cloud.r-project.org/src/contrib/classInt_0.4-11.tar.gz", "https://cloud.r-project.org/src/contrib/Archive/classInt/classInt_0.4-11.tar.gz"],
      "target": "src/contrib/classInt_0.4-11.tar.gz",
      "platform": "source",
      "rversion": "*",
      "directpkg": false,
      "license": "GPL (>= 2)",
      "sha256": "8d366844cf7f951cc5b65423c3ccf50ebc3c11cf9d1fc90f8208e7d869c5d0a6",
      "filesize": 440406,
      "dep_types": ["Depends", "Imports", "LinkingTo"],
      "params": [],
      "install_args": "",
      "repotype": "cran",
      "sysreqs": "",
      "sysreqs_packages": {}
    },
    {
      "ref": "cli",
      "package": "cli",
      "version": "3.6.5",
      "type": "standard",
      "direct": false,
      "binary": false,
      "dependencies": [],
      "vignettes": false,
      "needscompilation": true,
      "metadata": {
        "RemoteType": "standard",
        "RemotePkgRef": "cli",
        "RemoteRef": "cli",
        "RemoteRepos": "https://cloud.r-project.org",
        "RemotePkgPlatform": "source",
        "RemoteSha": "3.6.5"
      },
      "sources": ["https://cloud.r-project.org/src/contrib/cli_3.6.5.tar.gz", "https://cloud.r-project.org/src/contrib/Archive/cli/cli_3.6.5.tar.gz"],
      "target": "src/contrib/cli_3.6.5.tar.gz",
      "platform": "source",
      "rversion": "*",
      "directpkg": false,
      "license": "MIT + file LICENSE",
      "sha256": "8ebe3146e66a285d8ad6ddcff87e2a9790ea7c9cdfce7fdd8bf13095fa459679",
      "filesize": 640240,
      "dep_types": ["Depends", "Imports", "LinkingTo"],
      "params": [],
      "install_args": "",
      "repotype": "cran",
      "sysreqs": "",
      "sysreqs_packages": {}
    },
    {
      "ref": "curl",
      "package": "curl",
      "version": "7.0.0",
      "type": "standard",
      "direct": false,
      "binary": false,
      "dependencies": [],
      "vignettes": false,
      "needscompilation": true,
      "metadata": {
        "RemoteType": "standard",
        "RemotePkgRef": "curl",
        "RemoteRef": "curl",
        "RemoteRepos": "https://cloud.r-project.org",
        "RemotePkgPlatform": "source",
        "RemoteSha": "7.0.0"
      },
      "sources": ["https://cloud.r-project.org/src/contrib/curl_7.0.0.tar.gz", "https://cloud.r-project.org/src/contrib/Archive/curl/curl_7.0.0.tar.gz"],
      "target": "src/contrib/curl_7.0.0.tar.gz",
      "platform": "source",
      "rversion": "*",
      "directpkg": false,
      "license": "MIT + file LICENSE",
      "sha256": "5b1633be7bc0ea796e2df5b24b2aec937a17359f2d86207359aa553328824d6b",
      "filesize": 731109,
      "dep_types": ["Depends", "Imports", "LinkingTo"],
      "params": [],
      "install_args": "",
      "repotype": "cran",
      "sysreqs": "libcurl (>= 7.73): libcurl-devel (rpm) or libcurl4-openssl-dev (deb)",
      "sysreqs_packages": [
        {
          "sysreq": "libcurl",
          "packages": ["libcurl4-openssl-dev"],
          "pre_install": {},
          "post_install": {}
        },
        {
          "sysreq": "openssl",
          "packages": ["libssl-dev"],
          "pre_install": {},
          "post_install": {}
        }
      ]
    },
    {
      "ref": "DBI",
      "package": "DBI",
      "version": "1.2.3",
      "type": "standard",
      "direct": false,
      "binary": false,
      "dependencies": [],
      "vignettes": false,
      "needscompilation": false,
      "metadata": {
        "RemoteType": "standard",
        "RemotePkgRef": "DBI",
        "RemoteRef": "DBI",
        "RemoteRepos": "https://cloud.r-project.org",
        "RemotePkgPlatform": "source",
        "RemoteSha": "1.2.3"
      },
      "sources": ["https://cloud.r-project.org/src/contrib/DBI_1.2.3.tar.gz", "https://cloud.r-project.org/src/contrib/Archive/DBI/DBI_1.2.3.tar.gz"],
      "target": "src/contrib/DBI_1.2.3.tar.gz",
      "platform": "source",
      "rversion": "*",
      "directpkg": false,
      "license": "LGPL (>= 2.1)",
      "sha256": "cf6708a7566a80929f06575aa345fae354714159ed5fab5db14306fc5d0d2dbe",
      "filesize": 1137307,
      "dep_types": ["Depends", "Imports", "LinkingTo"],
      "params": [],
      "install_args": "",
      "repotype": "cran",
      "sysreqs": "",
      "sysreqs_packages": {}
    },
    {
      "ref": "e1071",
      "package": "e1071",
      "version": "1.7-17",
      "type": "standard",
      "direct": false,
      "binary": false,
      "dependencies": ["class", "proxy"],
      "vignettes": false,
      "needscompilation": true,
      "metadata": {
        "RemoteType": "standard",
        "RemotePkgRef": "e1071",
        "RemoteRef": "e1071",
        "RemoteRepos": "https://cloud.r-project.org",
        "RemotePkgPlatform": "source",
        "RemoteSha": "1.7-17"
      },
      "sources": ["https://cloud.r-project.org/src/contrib/e1071_1.7-17.tar.gz", "https://cloud.r-project.org/src/contrib/Archive/e1071/e1071_1.7-17.tar.gz"],
      "target": "src/contrib/e1071_1.7-17.tar.gz",
      "platform": "source",
      "rversion": "*",
      "directpkg": false,
      "license": "GPL-2 | GPL-3",
      "sha256": "6debc371ad478c2aa6de1f6510e254e80e797de4974b855f63b35509a3c2ac87",
      "filesize": 318056,
      "dep_types": ["Depends", "Imports", "LinkingTo"],
      "params": [],
      "install_args": "",
      "repotype": "cran",
      "sysreqs": "",
      "sysreqs_packages": {}
    },
    {
      "ref": "glue",
      "package": "glue",
      "version": "1.8.0",
      "type": "standard",
      "direct": false,
      "binary": false,
      "dependencies": [],
      "vignettes": false,
      "needscompilation": true,
      "metadata": {
        "RemoteType": "standard",
        "RemotePkgRef": "glue",
        "RemoteRef": "glue",
        "RemoteRepos": "https://cloud.r-project.org",
        "RemotePkgPlatform": "source",
        "RemoteSha": "1.8.0"
      },
      "sources": ["https://cloud.r-project.org/src/contrib/glue_1.8.0.tar.gz", "https://cloud.r-project.org/src/contrib/Archive/glue/glue_1.8.0.tar.gz"],
      "target": "src/contrib/glue_1.8.0.tar.gz",
      "platform": "source",
      "rversion": "*",
      "directpkg": false,
      "license": "MIT + file LICENSE",
      "sha256": "c86f364ba899b8662f5da3e1a75f43ae081ab04e0d51171d052356e7ee4b72a0",
      "filesize": 126682,
      "dep_types": ["Depends", "Imports", "LinkingTo"],
      "params": [],
      "install_args": "",
      "repotype": "cran",
      "sysreqs": "",
      "sysreqs_packages": {}
    },
    {
      "ref": "httr2",
      "package": "httr2",
      "version": "1.2.2",
      "type": "standard",
      "direct": false,
      "binary": false,
      "dependencies": ["cli", "curl", "glue", "lifecycle", "magrittr", "openssl", "R6", "rappdirs", "rlang", "vctrs", "withr"],
      "vignettes": false,
      "needscompilation": false,
      "metadata": {
        "RemoteType": "standard",
        "RemotePkgRef": "httr2",
        "RemoteRef": "httr2",
        "RemoteRepos": "https://cloud.r-project.org",
        "RemotePkgPlatform": "source",
        "RemoteSha": "1.2.2"
      },
      "sources": ["https://cloud.r-project.org/src/contrib/httr2_1.2.2.tar.gz", "https://cloud.r-project.org/src/contrib/Archive/httr2/httr2_1.2.2.tar.gz"],
      "target": "src/contrib/httr2_1.2.2.tar.gz",
      "platform": "source",
      "rversion": "*",
      "directpkg": false,
      "license": "MIT + file LICENSE",
      "sha256": "a5e7128fe26e083839d85c2969412c7fafaca6140b5601156c0c3472cc5c45e1",
      "filesize": 277334,
      "dep_types": ["Depends", "Imports", "LinkingTo"],
      "params": [],
      "install_args": "",
      "repotype": "cran",
      "sysreqs": "",
      "sysreqs_packages": {}
    },
    {
      "ref": "jsonlite",
      "package": "jsonlite",
      "version": "2.0.0",
      "type": "standard",
      "direct": false,
      "binary": false,
      "dependencies": [],
      "vignettes": false,
      "needscompilation": true,
      "metadata": {
        "RemoteType": "standard",
        "RemotePkgRef": "jsonlite",
        "RemoteRef": "jsonlite",
        "RemoteRepos": "https://cloud.r-project.org",
        "RemotePkgPlatform": "source",
        "RemoteSha": "2.0.0"
      },
      "sources": ["https://cloud.r-project.org/src/contrib/jsonlite_2.0.0.tar.gz", "https://cloud.r-project.org/src/contrib/Archive/jsonlite/jsonlite_2.0.0.tar.gz"],
      "target": "src/contrib/jsonlite_2.0.0.tar.gz",
      "platform": "source",
      "rversion": "*",
      "directpkg": false,
      "license": "MIT + file LICENSE",
      "sha256": "75eb910c82b350ec33f094779da0f87bff154c232e4ae39c9896a9b89f3ac82d",
      "filesize": 1055849,
      "dep_types": ["Depends", "Imports", "LinkingTo"],
      "params": [],
      "install_args": "",
      "repotype": "cran",
      "sysreqs": "",
      "sysreqs_packages": {}
    },
    {
      "ref": "lifecycle",
      "package": "lifecycle",
      "version": "1.0.4",
      "type": "standard",
      "direct": false,
      "binary": false,
      "dependencies": ["cli", "glue", "rlang"],
      "vignettes": false,
      "needscompilation": false,
      "metadata": {
        "RemoteType": "standard",
        "RemotePkgRef": "lifecycle",
        "RemoteRef": "lifecycle",
        "RemoteRepos": "https://cloud.r-project.org",
        "RemotePkgPlatform": "source",
        "RemoteSha": "1.0.4"
      },
      "sources": ["https://cloud.r-project.org/src/contrib/lifecycle_1.0.4.tar.gz", "https://cloud.r-project.org/src/contrib/Archive/lifecycle/lifecycle_1.0.4.tar.gz"],
      "target": "src/contrib/lifecycle_1.0.4.tar.gz",
      "platform": "source",
      "rversion": "*",
      "directpkg": false,
      "license": "MIT + file LICENSE",
      "sha256": "ada4d3c7e84b0c93105e888647c5754219a8334f6e1f82d5afaf83d4855b91cc",
      "filesize": 107656,
      "dep_types": ["Depends", "Imports", "LinkingTo"],
      "params": [],
      "install_args": "",
      "repotype": "cran",
      "sysreqs": "",
      "sysreqs_packages": {}
    },
    {
      "ref": "magrittr",
      "package": "magrittr",
      "version": "2.0.4",
      "type": "standard",
      "direct": false,
      "binary": false,
      "dependencies": [],
      "vignettes": false,
      "needscompilation": true,
      "metadata": {
        "RemoteType": "standard",
        "RemotePkgRef": "magrittr",
        "RemoteRef": "magrittr",
        "RemoteRepos": "https://cloud.r-project.org",
        "RemotePkgPlatform": "source",
        "RemoteSha": "2.0.4"
      },
      "sources": ["https://cloud.r-project.org/src/contrib/magrittr_2.0.4.tar.gz", "https://cloud.r-project.org/src/contrib/Archive/magrittr/magrittr_2.0.4.tar.gz"],
      "target": "src/contrib/magrittr_2.0.4.tar.gz",
      "platform": "source",
      "rversion": "*",
      "directpkg": false,
      "license": "MIT + file LICENSE",
      "sha256": "6aba790c40de70d8fb4d2db4bebb377418971761b0da7df2141b5d4ad95981f3",
      "filesize": 281790,
      "dep_types": ["Depends", "Imports", "LinkingTo"],
      "params": [],
      "install_args": "",
      "repotype": "cran",
      "sysreqs": "",
      "sysreqs_packages": {}
    },
    {
      "ref": "openssl",
      "package": "openssl",
      "version": "2.3.4",
      "type": "standard",
      "direct": false,
      "binary": false,
      "dependencies": ["askpass"],
      "vignettes": false,
      "needscompilation": true,
      "metadata": {
        "RemoteType": "standard",
        "RemotePkgRef": "openssl",
        "RemoteRef": "openssl",
        "RemoteRepos": "https://cloud.r-project.org",
        "RemotePkgPlatform": "source",
        "RemoteSha": "2.3.4"
      },
      "sources": ["https://cloud.r-project.org/src/contrib/openssl_2.3.4.tar.gz", "https://cloud.r-project.org/src/contrib/Archive/openssl/openssl_2.3.4.tar.gz"],
      "target": "src/contrib/openssl_2.3.4.tar.gz",
      "platform": "source",
      "rversion": "*",
      "directpkg": false,
      "license": "MIT + file LICENSE",
      "sha256": "a24a02e26abc4055a190e7f14c207cec2853eada77485184835c0b220a71d385",
      "filesize": 1208445,
      "dep_types": ["Depends", "Imports", "LinkingTo"],
      "params": [],
      "install_args": "",
      "repotype": "cran",
      "sysreqs": "OpenSSL >= 1.0.2",
      "sysreqs_packages": [
        {
          "sysreq": "openssl",
          "packages": ["libssl-dev"],
          "pre_install": {},
          "post_install": {}
        }
      ]
    },
    {
      "ref": "pillar",
      "package": "pillar",
      "version": "1.11.1",
      "type": "standard",
      "direct": false,
      "binary": false,
      "dependencies": ["cli", "glue", "lifecycle", "rlang", "utf8", "vctrs"],
      "vignettes": false,
      "needscompilation": false,
      "metadata": {
        "RemoteType": "standard",
        "RemotePkgRef": "pillar",
        "RemoteRef": "pillar",
        "RemoteRepos": "https://cloud.r-project.org",
        "RemotePkgPlatform": "source",
        "RemoteSha": "1.11.1"
      },
      "sources": ["https://cloud.r-project.org/src/contrib/pillar_1.11.1.tar.gz", "https://cloud.r-project.org/src/contrib/Archive/pillar/pillar_1.11.1.tar.gz"],
      "target": "src/contrib/pillar_1.11.1.tar.gz",
      "platform": "source",
      "rversion": "*",
      "directpkg": false,
      "license": "MIT + file LICENSE",
      "sha256": "056ce154238c9b5b8d5dcbcb52e1bc51d33870ce08c8a9ca9496478bd59f4653",
      "filesize": 409508,
      "dep_types": ["Depends", "Imports", "LinkingTo"],
      "params": [],
      "install_args": "",
      "repotype": "cran",
      "sysreqs": "",
      "sysreqs_packages": {}
    },
    {
      "ref": "pkgconfig",
      "package": "pkgconfig",
      "version": "2.0.3",
      "type": "standard",
      "direct": false,
      "binary": false,
      "dependencies": [],
      "vignettes": false,
      "needscompilation": false,
      "metadata": {
        "RemoteType": "standard",
        "RemotePkgRef": "pkgconfig",
        "RemoteRef": "pkgconfig",
        "RemoteRepos": "https://cloud.r-project.org",
        "RemotePkgPlatform": "source",
        "RemoteSha": "2.0.3"
      },
      "sources": ["https://cloud.r-project.org/src/contrib/pkgconfig_2.0.3.tar.gz", "https://cloud.r-project.org/src/contrib/Archive/pkgconfig/pkgconfig_2.0.3.tar.gz"],
      "target": "src/contrib/pkgconfig_2.0.3.tar.gz",
      "platform": "source",
      "rversion": "*",
      "directpkg": false,
      "license": "MIT + file LICENSE",
      "sha256": "330fef440ffeb842a7dcfffc8303743f1feae83e8d6131078b5a44ff11bc3850",
      "filesize": 6080,
      "dep_types": ["Depends", "Imports", "LinkingTo"],
      "params": [],
      "install_args": "",
      "repotype": "cran",
      "sysreqs": "",
      "sysreqs_packages": {}
    },
    {
      "ref": "proxy",
      "package": "proxy",
      "version": "0.4-28",
      "type": "standard",
      "direct": false,
      "binary": false,
      "dependencies": [],
      "vignettes": false,
      "needscompilation": true,
      "metadata": {
        "RemoteType": "standard",
        "RemotePkgRef": "proxy",
        "RemoteRef": "proxy",
        "RemoteRepos": "https://cloud.r-project.org",
        "RemotePkgPlatform": "source",
        "RemoteSha": "0.4-28"
      },
      "sources": ["https://cloud.r-project.org/src/contrib/proxy_0.4-28.tar.gz", "https://cloud.r-project.org/src/contrib/Archive/proxy/proxy_0.4-28.tar.gz"],
      "target": "src/contrib/proxy_0.4-28.tar.gz",
      "platform": "source",
      "rversion": "*",
      "directpkg": false,
      "license": "GPL-2 | GPL-3",
      "sha256": "5907a82f4b6793ec373c056f3b3b5460f231d17df1814d20976133f5ae81b8fe",
      "filesize": 68931,
      "dep_types": ["Depends", "Imports", "LinkingTo"],
      "params": [],
      "install_args": "",
      "repotype": "cran",
      "sysreqs": "",
      "sysreqs_packages": {}
    },
    {
      "ref": "R6",
      "package": "R6",
      "version": "2.6.1",
      "type": "standard",
      "direct": false,
      "binary": false,
      "dependencies": [],
      "vignettes": false,
      "needscompilation": false,
      "metadata": {
        "RemoteType": "standard",
        "RemotePkgRef": "R6",
        "RemoteRef": "R6",
        "RemoteRepos": "https://cloud.r-project.org",
        "RemotePkgPlatform": "source",
        "RemoteSha": "2.6.1"
      },
      "sources": ["https://cloud.r-project.org/src/contrib/R6_2.6.1.tar.gz", "https://cloud.r-project.org/src/contrib/Archive/R6/R6_2.6.1.tar.gz"],
      "target": "src/contrib/R6_2.6.1.tar.gz",
      "platform": "source",
      "rversion": "*",
      "directpkg": false,
      "license": "MIT + file LICENSE",
      "sha256": "59c6eba8b1b912eb7e104f65053235604be853425ee67c152ac4e86a1f2073b4",
      "filesize": 64507,
      "dep_types": ["Depends", "Imports", "LinkingTo"],
      "params": [],
      "install_args": "",
      "repotype": "cran",
      "sysreqs": "",
      "sysreqs_packages": {}
    },
    {
      "ref": "rappdirs",
      "package": "rappdirs",
      "version": "0.3.3",
      "type": "standard",
      "direct": false,
      "binary": false,
      "dependencies": [],
      "vignettes": false,
      "needscompilation": true,
      "metadata": {
        "RemoteType": "standard",
        "RemotePkgRef": "rappdirs",
        "RemoteRef": "rappdirs",
        "RemoteRepos": "https://cloud.r-project.org",
        "RemotePkgPlatform": "source",
        "RemoteSha": "0.3.3"
      },
      "sources": ["https://cloud.r-project.org/src/contrib/rappdirs_0.3.3.tar.gz", "https://cloud.r-project.org/src/contrib/Archive/rappdirs/rappdirs_0.3.3.tar.gz"],
      "target": "src/contrib/rappdirs_0.3.3.tar.gz",
      "platform": "source",
      "rversion": "*",
      "directpkg": false,
      "license": "MIT + file LICENSE",
      "sha256": "49959f65b45b0b189a2792d6c1339bef59674ecae92f8c2ed9f26ff9e488c184",
      "filesize": 12288,
      "dep_types": ["Depends", "Imports", "LinkingTo"],
      "params": [],
      "install_args": "",
      "repotype": "cran",
      "sysreqs": "",
      "sysreqs_packages": {}
    },
    {
      "ref": "Rcpp",
      "package": "Rcpp",
      "version": "1.1.0",
      "type": "standard",
      "direct": false,
      "binary": false,
      "dependencies": [],
      "vignettes": false,
      "needscompilation": true,
      "metadata": {
        "RemoteType": "standard",
        "RemotePkgRef": "Rcpp",
        "RemoteRef": "Rcpp",
        "RemoteRepos": "https://cloud.r-project.org",
        "RemotePkgPlatform": "source",
        "RemoteSha": "1.1.0"
      },
      "sources": ["https://cloud.r-project.org/src/contrib/Rcpp_1.1.0.tar.gz", "https://cloud.r-project.org/src/contrib/Archive/Rcpp/Rcpp_1.1.0.tar.gz"],
      "target": "src/contrib/Rcpp_1.1.0.tar.gz",
      "platform": "source",
      "rversion": "*",
      "directpkg": false,
      "license": "GPL (>= 2)",
      "sha256": "84211c2520ba68c839b2e75761e97afc90baeebccbaf216ac8534fa2076cfb4d",
      "filesize": 3107035,
      "dep_types": ["Depends", "Imports", "LinkingTo"],
      "params": [],
      "install_args": "",
      "repotype": "cran",
      "sysreqs": "",
      "sysreqs_packages": {}
    },
    {
      "ref": "rlang",
      "package": "rlang",
      "version": "1.1.6",
      "type": "standard",
      "direct": false,
      "binary": false,
      "dependencies": [],
      "vignettes": false,
      "needscompilation": true,
      "metadata": {
        "RemoteType": "standard",
        "RemotePkgRef": "rlang",
        "RemoteRef": "rlang",
        "RemoteRepos": "https://cloud.r-project.org",
        "RemotePkgPlatform": "source",
        "RemoteSha": "1.1.6"
      },
      "sources": ["https://cloud.r-project.org/src/contrib/rlang_1.1.6.tar.gz", "https://cloud.r-project.org/src/contrib/Archive/rlang/rlang_1.1.6.tar.gz"],
      "target": "src/contrib/rlang_1.1.6.tar.gz",
      "platform": "source",
      "rversion": "*",
      "directpkg": false,
      "license": "MIT + file LICENSE",
      "sha256": "18544c876f4e18ec554edecc308362a52fbc7e0805c4794cf59bcc4d0b57f330",
      "filesize": 767928,
      "dep_types": ["Depends", "Imports", "LinkingTo"],
      "params": [],
      "install_args": "",
      "repotype": "cran",
      "sysreqs": "",
      "sysreqs_packages": {}
    },
    {
      "ref": "s2",
      "package": "s2",
      "version": "1.1.9",
      "type": "standard",
      "direct": false,
      "binary": false,
      "dependencies": ["Rcpp", "wk"],
      "vignettes": false,
      "needscompilation": true,
      "metadata": {
        "RemoteType": "standard",
        "RemotePkgRef": "s2",
        "RemoteRef": "s2",
        "RemoteRepos": "https://cloud.r-project.org",
        "RemotePkgPlatform": "source",
        "RemoteSha": "1.1.9"
      },
      "sources": ["https://cloud.r-project.org/src/contrib/s2_1.1.9.tar.gz", "https://cloud.r-project.org/src/contrib/Archive/s2/s2_1.1.9.tar.gz"],
      "target": "src/contrib/s2_1.1.9.tar.gz",
      "platform": "source",
      "rversion": "*",
      "directpkg": false,
      "license": "Apache License (== 2.0)",
      "sha256": "4dcd2bff738be5a89b925fed29acb6e224e0f514b4530dc9987a0a72c5a99b55",
      "filesize": 2967364,
      "dep_types": ["Depends", "Imports", "LinkingTo"],
      "params": [],
      "install_args": "",
      "repotype": "cran",
      "sysreqs": "cmake, OpenSSL >= 1.0.1, Abseil >= 20230802.0",
      "sysreqs_packages": [
        {
          "sysreq": "Abseil",
          "packages": ["libabsl-dev"],
          "pre_install": {},
          "post_install": {}
        },
        {
          "sysreq": "cmake",
          "packages": ["cmake"],
          "pre_install": {},
          "post_install": {}
        },
        {
          "sysreq": "openssl",
          "packages": ["libssl-dev"],
          "pre_install": {},
          "post_install": {}
        }
      ]
    },
    {
      "ref": "sf",
      "package": "sf",
      "version": "1.0-23",
      "type": "standard",
      "direct": false,
      "binary": false,
      "dependencies": ["classInt", "DBI", "magrittr", "Rcpp", "s2", "units"],
      "vignettes": false,
      "needscompilation": true,
      "metadata": {
        "RemoteType": "standard",
        "RemotePkgRef": "sf",
        "RemoteRef": "sf",
        "RemoteRepos": "https://cloud.r-project.org",
        "RemotePkgPlatform": "source",
        "RemoteSha": "1.0-23"
      },
      "sources": ["https://cloud.r-project.org/src/contrib/sf_1.0-23.tar.gz", "https://cloud.r-project.org/src/contrib/Archive/sf/sf_1.0-23.tar.gz"],
      "target": "src/contrib/sf_1.0-23.tar.gz",
      "platform": "source",
      "rversion": "*",
      "directpkg": false,
      "license": "GPL-2 | MIT + file LICENSE",
      "sha256": "4a44abad6e94b648b8a31269fa5a5ff862f69a9dfcdd60b8958a5b9ee3bddceb",
      "filesize": 9876325,
      "dep_types": ["Depends", "Imports", "LinkingTo"],
      "params": [],
      "install_args": "",
      "repotype": "cran",
      "sysreqs": "GDAL (>= 2.0.1), GEOS (>= 3.4.0), PROJ (>= 4.8.0), sqlite3",
      "sysreqs_packages": [
        {
          "sysreq": "gdal",
          "packages": ["libgdal-dev", "gdal-bin"],
          "pre_install": {},
          "post_install": {}
        },
        {
          "sysreq": "geos",
          "packages": ["libgeos-dev"],
          "pre_install": {},
          "post_install": {}
        },
        {
          "sysreq": "proj",
          "packages": ["libproj-dev"],
          "pre_install": {},
          "post_install": {}
        },
        {
          "sysreq": "sqlite3",
          "packages": ["libsqlite3-dev"],
          "pre_install": {},
          "post_install": {}
        }
      ]
    },
    {
      "ref": "sys",
      "package": "sys",
      "version": "3.4.3",
      "type": "standard",
      "direct": false,
      "binary": false,
      "dependencies": [],
      "vignettes": false,
      "needscompilation": true,
      "metadata": {
        "RemoteType": "standard",
        "RemotePkgRef": "sys",
        "RemoteRef": "sys",
        "RemoteRepos": "https://cloud.r-project.org",
        "RemotePkgPlatform": "source",
        "RemoteSha": "3.4.3"
      },
      "sources": ["https://cloud.r-project.org/src/contrib/sys_3.4.3.tar.gz", "https://cloud.r-project.org/src/contrib/Archive/sys/sys_3.4.3.tar.gz"],
      "target": "src/contrib/sys_3.4.3.tar.gz",
      "platform": "source",
      "rversion": "*",
      "directpkg": false,
      "license": "MIT + file LICENSE",
      "sha256": "051e7332e3074db826efef9059067721864f9d70adc55bbcae3a72e5ae83913a",
      "filesize": 19936,
      "dep_types": ["Depends", "Imports", "LinkingTo"],
      "params": [],
      "install_args": "",
      "repotype": "cran",
      "sysreqs": "",
      "sysreqs_packages": {}
    },
    {
      "ref": "tibble",
      "package": "tibble",
      "version": "3.3.0",
      "type": "standard",
      "direct": false,
      "binary": false,
      "dependencies": ["cli", "lifecycle", "magrittr", "pillar", "pkgconfig", "rlang", "vctrs"],
      "vignettes": false,
      "needscompilation": true,
      "metadata": {
        "RemoteType": "standard",
        "RemotePkgRef": "tibble",
        "RemoteRef": "tibble",
        "RemoteRepos": "https://cloud.r-project.org",
        "RemotePkgPlatform": "source",
        "RemoteSha": "3.3.0"
      },
      "sources": ["https://cloud.r-project.org/src/contrib/tibble_3.3.0.tar.gz", "https://cloud.r-project.org/src/contrib/Archive/tibble/tibble_3.3.0.tar.gz"],
      "target": "src/contrib/tibble_3.3.0.tar.gz",
      "platform": "source",
      "rversion": "*",
      "directpkg": false,
      "license": "MIT + file LICENSE",
      "sha256": "7f4c439f11b1aca4a45923d8d76f90fbab4e01acf0ba7ad0c38c3a7f22fee192",
      "filesize": 588671,
      "dep_types": ["Depends", "Imports", "LinkingTo"],
      "params": [],
      "install_args": "",
      "repotype": "cran",
      "sysreqs": "",
      "sysreqs_packages": {}
    },
    {
      "ref": "units",
      "package": "units",
      "version": "1.0-0",
      "type": "standard",
      "direct": false,
      "binary": false,
      "dependencies": ["Rcpp"],
      "vignettes": false,
      "needscompilation": true,
      "metadata": {
        "RemoteType": "standard",
        "RemotePkgRef": "units",
        "RemoteRef": "units",
        "RemoteRepos": "https://cloud.r-project.org",
        "RemotePkgPlatform": "source",
        "RemoteSha": "1.0-0"
      },
      "sources": ["https://cloud.r-project.org/src/contrib/units_1.0-0.tar.gz", "https://cloud.r-project.org/src/contrib/Archive/units/units_1.0-0.tar.gz"],
      "target": "src/contrib/units_1.0-0.tar.gz",
      "platform": "source",
      "rversion": "*",
      "directpkg": false,
      "license": "GPL-2",
      "sha256": "fc673560595ebe4687d314934be2810b7ac5167742a80659246149791abb59ba",
      "filesize": 367179,
      "dep_types": ["Depends", "Imports", "LinkingTo"],
      "params": [],
      "install_args": "",
      "repotype": "cran",
      "sysreqs": "udunits-2",
      "sysreqs_packages": [
        {
          "sysreq": "udunits2",
          "packages": ["libudunits2-dev"],
          "pre_install": {},
          "post_install": {}
        }
      ]
    },
    {
      "ref": "utf8",
      "package": "utf8",
      "version": "1.2.6",
      "type": "standard",
      "direct": false,
      "binary": false,
      "dependencies": [],
      "vignettes": false,
      "needscompilation": true,
      "metadata": {
        "RemoteType": "standard",
        "RemotePkgRef": "utf8",
        "RemoteRef": "utf8",
        "RemoteRepos": "https://cloud.r-project.org",
        "RemotePkgPlatform": "source",
        "RemoteSha": "1.2.6"
      },
      "sources": ["https://cloud.r-project.org/src/contrib/utf8_1.2.6.tar.gz", "https://cloud.r-project.org/src/contrib/Archive/utf8/utf8_1.2.6.tar.gz"],
      "target": "src/contrib/utf8_1.2.6.tar.gz",
      "platform": "source",
      "rversion": "*",
      "directpkg": false,
      "license": "Apache License (== 2.0) | file LICENSE",
      "sha256": "4589f8b72291329e70b7f3a8c20f2feb4e7764eebad2e6976bc9a3eee7686ce9",
      "filesize": 243856,
      "dep_types": ["Depends", "Imports", "LinkingTo"],
      "params": [],
      "install_args": "",
      "repotype": "cran",
      "sysreqs": "",
      "sysreqs_packages": {}
    },
    {
      "ref": "vctrs",
      "package": "vctrs",
      "version": "0.6.5",
      "type": "standard",
      "direct": false,
      "binary": false,
      "dependencies": ["cli", "glue", "lifecycle", "rlang"],
      "vignettes": false,
      "needscompilation": true,
      "metadata": {
        "RemoteType": "standard",
        "RemotePkgRef": "vctrs",
        "RemoteRef": "vctrs",
        "RemoteRepos": "https://cloud.r-project.org",
        "RemotePkgPlatform": "source",
        "RemoteSha": "0.6.5"
      },
      "sources": ["https://cloud.r-project.org/src/contrib/vctrs_0.6.5.tar.gz", "https://cloud.r-project.org/src/contrib/Archive/vctrs/vctrs_0.6.5.tar.gz"],
      "target": "src/contrib/vctrs_0.6.5.tar.gz",
      "platform": "source",
      "rversion": "*",
      "directpkg": false,
      "license": "MIT + file LICENSE",
      "sha256": "43167d2248fd699594044b5c8f1dbb7ed163f2d64761e08ba805b04e7ec8e402",
      "filesize": 969066,
      "dep_types": ["Depends", "Imports", "LinkingTo"],
      "params": [],
      "install_args": "",
      "repotype": "cran",
      "sysreqs": "",
      "sysreqs_packages": {}
    },
    {
      "ref": "withr",
      "package": "withr",
      "version": "3.0.2",
      "type": "standard",
      "direct": false,
      "binary": false,
      "dependencies": [],
      "vignettes": false,
      "needscompilation": false,
      "metadata": {
        "RemoteType": "standard",
        "RemotePkgRef": "withr",
        "RemoteRef": "withr",
        "RemoteRepos": "https://cloud.r-project.org",
        "RemotePkgPlatform": "source",
        "RemoteSha": "3.0.2"
      },
      "sources": ["https://cloud.r-project.org/src/contrib/withr_3.0.2.tar.gz", "https://cloud.r-project.org/src/contrib/Archive/withr/withr_3.0.2.tar.gz"],
      "target": "src/contrib/withr_3.0.2.tar.gz",
      "platform": "source",
      "rversion": "*",
      "directpkg": false,
      "license": "MIT + file LICENSE",
      "sha256": "0a3a05f493d275cca4bf13c8c1b95a1a4eed7f83b2493f41fde02ce3fc92c1a3",
      "filesize": 103240,
      "dep_types": ["Depends", "Imports", "LinkingTo"],
      "params": [],
      "install_args": "",
      "repotype": "cran",
      "sysreqs": "",
      "sysreqs_packages": {}
    },
    {
      "ref": "wk",
      "package": "wk",
      "version": "0.9.5",
      "type": "standard",
      "direct": false,
      "binary": false,
      "dependencies": [],
      "vignettes": false,
      "needscompilation": true,
      "metadata": {
        "RemoteType": "standard",
        "RemotePkgRef": "wk",
        "RemoteRef": "wk",
        "RemoteRepos": "https://cloud.r-project.org",
        "RemotePkgPlatform": "source",
        "RemoteSha": "0.9.5"
      },
      "sources": ["https://cloud.r-project.org/src/contrib/wk_0.9.5.tar.gz", "https://cloud.r-project.org/src/contrib/Archive/wk/wk_0.9.5.tar.gz"],
      "target": "src/contrib/wk_0.9.5.tar.gz",
      "platform": "source",
      "rversion": "*",
      "directpkg": false,
      "license": "MIT + file LICENSE",
      "sha256": "b720282890f8d322ff8217bd857bab8f5549343ea2a635a3c2ada63ce1206aed",
      "filesize": 1041465,
      "dep_types": ["Depends", "Imports", "LinkingTo"],
      "params": [],
      "install_args": "",
      "repotype": "cran",
      "sysreqs": "",
      "sysreqs_packages": {}
    },
    {
      "ref": "installed::/usr/lib/R/library/class",
      "package": "class",
      "version": "7.3-23",
      "type": "installed",
      "direct": false,
      "binary": true,
      "dependencies": ["MASS"],
      "vignettes": false,
      "needscompilation": true,
      "metadata": {
        "RemoteType": "installed",
        "RemotePkgRef": "installed::/usr/lib/R/library/class",
        "RemotePkgPlatform": "x86_64-pc-linux-gnu",
        "RemoteSha": "7.3-23"
      },
      "sources": [],
      "target": "src/contrib/class_7.3-23.tar.gz",
      "platform": "x86_64-pc-linux-gnu",
      "rversion": "R 4.4.2",
      "built": "R 4.4.2; x86_64-pc-linux-gnu; 'Tue, 07 Jan 2025 00:15:21 +0000'; unix",
      "directpkg": false,
      "license": "GPL-2 | GPL-3",
      "dep_types": ["Depends", "Imports", "LinkingTo"],
      "params": [],
      "install_args": "",
      "repotype": "cran",
      "sysreqs_packages": {}
    },
    {
      "ref": "installed::/usr/lib/R/library/KernSmooth",
      "package": "KernSmooth",
      "version": "2.23-26",
      "type": "installed",
      "direct": false,
      "binary": true,
      "dependencies": [],
      "vignettes": false,
      "needscompilation": true,
      "metadata": {
        "RemoteType": "installed",
        "RemotePkgRef": "installed::/usr/lib/R/library/KernSmooth",
        "RemotePkgPlatform": "x86_64-pc-linux-gnu",
        "RemoteSha": "2.23-26"
      },
      "sources": [],
      "target": "src/contrib/KernSmooth_2.23-26.tar.gz",
      "platform": "x86_64-pc-linux-gnu",
      "rversion": "R 4.4.2",
      "built": "R 4.4.2; x86_64-pc-linux-gnu; 'Tue, 07 Jan 2025 00:15:06 +0000'; unix",
      "directpkg": false,
      "license": "Unlimited",
      "dep_types": ["Depends", "Imports", "LinkingTo"],
      "params": [],
      "install_args": "",
      "repotype": "cran",
      "sysreqs_packages": {}
    },
    {
      "ref": "installed::/usr/lib/R/library/MASS",
      "package": "MASS",
      "version": "7.3-65",
      "type": "installed",
      "direct": false,
      "binary": true,
      "dependencies": [],
      "vignettes": false,
      "needscompilation": true,
      "metadata": {
        "RemoteType": "installed",
        "RemotePkgRef": "installed::/usr/lib/R/library/MASS",
        "RemotePkgPlatform": "x86_64-pc-linux-gnu",
        "RemoteSha": "7.3-65"
      },
      "sources": [],
      "target": "src/contrib/MASS_7.3-65.tar.gz",
      "platform": "x86_64-pc-linux-gnu",
      "rversion": "R 4.4.3",
      "built": "R 4.4.3; x86_64-pc-linux-gnu; 'Wed, 12 Mar 2025 13:46:16 +0000'; unix",
      "directpkg": false,
      "license": "GPL-2 | GPL-3",
      "dep_types": ["Depends", "Imports", "LinkingTo"],
      "params": [],
      "install_args": "",
      "repotype": "cran",
      "sysreqs_packages": {}
    }
  ]
}
